
Microsoft Visual Studio Solution File, Format Version 12.00
# Visual Studio Version 16
VisualStudioVersion = 16.0.30128.74
MinimumVisualStudioVersion = 10.0.40219.1
Project("{9A19103F-16F7-4668-BE54-9A1E7A4F7556}") = "GisGmp2_2", "GisGmp2_2\GisGmp2_2.csproj", "{988CC194-CFDC-4D41-A1E9-C3500B7D97D0}"
EndProject
Project("{9A19103F-16F7-4668-BE54-9A1E7A4F7556}") = "GisGmp2_2.Tests", "GisGmp2_2.Tests\GisGmp2_2.Tests.csproj", "{2B94EF67-15E0-464B-872C-9AAD604C0B5D}"
EndProject
Global
	GlobalSection(SolutionConfigurationPlatforms) = preSolution
		Debug|Any CPU = Debug|Any CPU
		Release|Any CPU = Release|Any CPU
	EndGlobalSection
	GlobalSection(ProjectConfigurationPlatforms) = postSolution
		{988CC194-CFDC-4D41-A1E9-C3500B7D97D0}.Debug|Any CPU.ActiveCfg = Debug|Any CPU
		{988CC194-CFDC-4D41-A1E9-C3500B7D97D0}.Debug|Any CPU.Build.0 = Debug|Any CPU
		{988CC194-CFDC-4D41-A1E9-C3500B7D97D0}.Release|Any CPU.ActiveCfg = Release|Any CPU
		{988CC194-CFDC-4D41-A1E9-C3500B7D97D0}.Release|Any CPU.Build.0 = Release|Any CPU
		{2B94EF67-15E0-464B-872C-9AAD604C0B5D}.Debug|Any CPU.ActiveCfg = Debug|Any CPU
		{2B94EF67-15E0-464B-872C-9AAD604C0B5D}.Debug|Any CPU.Build.0 = Debug|Any CPU
		{2B94EF67-15E0-464B-872C-9AAD604C0B5D}.Release|Any CPU.ActiveCfg = Release|Any CPU
		{2B94EF67-15E0-464B-872C-9AAD604C0B5D}.Release|Any CPU.Build.0 = Release|Any CPU
	EndGlobalSection
	GlobalSection(SolutionProperties) = preSolution
		HideSolutionNode = FALSE
	EndGlobalSection
	GlobalSection(ExtensibilityGlobals) = postSolution
		SolutionGuid = {89DB429E-61C1-4407-9CB4-2C8BA851790A}
	EndGlobalSection
EndGlobal
